
Microsoft Visual Studio Solution File, Format Version 10.00
# Visual Studio 2008
Project("{FAE04EC0-301F-11D3-BF4B-00C04F79EFBC}") = "exploiter", "exploiter\exploiter.csproj", "{24DFDC0C-9A84-4DFB-894E-ED44FDD37EE8}"
	ProjectSection(ProjectDependencies) = postProject
		{B0875BDE-8184-4917-A28B-D9301773A740} = {B0875BDE-8184-4917-A28B-D9301773A740}
	EndProjectSection
EndProject
Project("{8BC9CEB8-8B4A-11D0-8D11-00A0C91BC942}") = "nativeapp", "nativeapp\nativeapp.vcproj", "{B0875BDE-8184-4917-A28B-D9301773A740}"
EndProject
Global
	GlobalSection(SolutionConfigurationPlatforms) = preSolution
		Debug|Mixed Platforms = Debug|Mixed Platforms
		Debug|OpenZDK (ARMV4I) = Debug|OpenZDK (ARMV4I)
		Release|Mixed Platforms = Release|Mixed Platforms
		Release|OpenZDK (ARMV4I) = Release|OpenZDK (ARMV4I)
	EndGlobalSection
	GlobalSection(ProjectConfigurationPlatforms) = postSolution
		{24DFDC0C-9A84-4DFB-894E-ED44FDD37EE8}.Debug|Mixed Platforms.ActiveCfg = Debug|Zune
		{24DFDC0C-9A84-4DFB-894E-ED44FDD37EE8}.Debug|Mixed Platforms.Build.0 = Debug|Zune
		{24DFDC0C-9A84-4DFB-894E-ED44FDD37EE8}.Debug|Mixed Platforms.Deploy.0 = Debug|Zune
		{24DFDC0C-9A84-4DFB-894E-ED44FDD37EE8}.Debug|OpenZDK (ARMV4I).ActiveCfg = Debug|Zune
		{24DFDC0C-9A84-4DFB-894E-ED44FDD37EE8}.Debug|OpenZDK (ARMV4I).Build.0 = Debug|Zune
		{24DFDC0C-9A84-4DFB-894E-ED44FDD37EE8}.Debug|OpenZDK (ARMV4I).Deploy.0 = Debug|Zune
		{24DFDC0C-9A84-4DFB-894E-ED44FDD37EE8}.Release|Mixed Platforms.ActiveCfg = Release|Zune
		{24DFDC0C-9A84-4DFB-894E-ED44FDD37EE8}.Release|Mixed Platforms.Build.0 = Release|Zune
		{24DFDC0C-9A84-4DFB-894E-ED44FDD37EE8}.Release|Mixed Platforms.Deploy.0 = Release|Zune
		{24DFDC0C-9A84-4DFB-894E-ED44FDD37EE8}.Release|OpenZDK (ARMV4I).ActiveCfg = Release|Zune
		{24DFDC0C-9A84-4DFB-894E-ED44FDD37EE8}.Release|OpenZDK (ARMV4I).Build.0 = Release|Zune
		{24DFDC0C-9A84-4DFB-894E-ED44FDD37EE8}.Release|OpenZDK (ARMV4I).Deploy.0 = Release|Zune
		{B0875BDE-8184-4917-A28B-D9301773A740}.Debug|Mixed Platforms.ActiveCfg = Debug|OpenZDK (ARMV4I)
		{B0875BDE-8184-4917-A28B-D9301773A740}.Debug|Mixed Platforms.Build.0 = Debug|OpenZDK (ARMV4I)
		{B0875BDE-8184-4917-A28B-D9301773A740}.Debug|OpenZDK (ARMV4I).ActiveCfg = Debug|OpenZDK (ARMV4I)
		{B0875BDE-8184-4917-A28B-D9301773A740}.Debug|OpenZDK (ARMV4I).Build.0 = Debug|OpenZDK (ARMV4I)
		{B0875BDE-8184-4917-A28B-D9301773A740}.Release|Mixed Platforms.ActiveCfg = Release|OpenZDK (ARMV4I)
		{B0875BDE-8184-4917-A28B-D9301773A740}.Release|Mixed Platforms.Build.0 = Release|OpenZDK (ARMV4I)
		{B0875BDE-8184-4917-A28B-D9301773A740}.Release|OpenZDK (ARMV4I).ActiveCfg = Release|OpenZDK (ARMV4I)
		{B0875BDE-8184-4917-A28B-D9301773A740}.Release|OpenZDK (ARMV4I).Build.0 = Release|OpenZDK (ARMV4I)
		{D1F098E8-CCD5-4EF7-AF0A-63DBCBE37105}.Debug|Mixed Platforms.ActiveCfg = Debug|Zune
		{D1F098E8-CCD5-4EF7-AF0A-63DBCBE37105}.Debug|OpenZDK (ARMV4I).ActiveCfg = Debug|Zune
		{D1F098E8-CCD5-4EF7-AF0A-63DBCBE37105}.Release|Mixed Platforms.ActiveCfg = Release|Zune
		{D1F098E8-CCD5-4EF7-AF0A-63DBCBE37105}.Release|OpenZDK (ARMV4I).ActiveCfg = Release|Zune
	EndGlobalSection
	GlobalSection(SolutionProperties) = preSolution
		HideSolutionNode = FALSE
	EndGlobalSection
EndGlobal
